// !$*UTF8*$!
{
	archiveVersion = 1;
	classes = {
	};
	objectVersion = 48;
	objects = {

/* Begin PBXBuildFile section */
		1463D0061FBE1E0300F2D970 /* AppDelegate.swift in Sources */ = {isa = PBXBuildFile; fileRef = 1463D0051FBE1E0300F2D970 /* AppDelegate.swift */; };
		1463D0081FBE1E0300F2D970 /* ViewController.swift in Sources */ = {isa = PBXBuildFile; fileRef = 1463D0071FBE1E0300F2D970 /* ViewController.swift */; };
		1463D00B1FBE1E0300F2D970 /* Main.storyboard in Resources */ = {isa = PBXBuildFile; fileRef = 1463D0091FBE1E0300F2D970 /* Main.storyboard */; };
		1463D00D1FBE1E0300F2D970 /* Assets.xcassets in Resources */ = {isa = PBXBuildFile; fileRef = 1463D00C1FBE1E0300F2D970 /* Assets.xcassets */; };
		1463D0101FBE1E0300F2D970 /* LaunchScreen.storyboard in Resources */ = {isa = PBXBuildFile; fileRef = 1463D00E1FBE1E0300F2D970 /* LaunchScreen.storyboard */; };
		1463D0181FBE1E2C00F2D970 /* HexagonLayer.swift in Sources */ = {isa = PBXBuildFile; fileRef = 1463D0171FBE1E2C00F2D970 /* HexagonLayer.swift */; };
		1463D01A1FBE215400F2D970 /* HolderView.swift in Sources */ = {isa = PBXBuildFile; fileRef = 1463D0191FBE215400F2D970 /* HolderView.swift */; };
		1463D01C1FBE266F00F2D970 /* CloudLayer.swift in Sources */ = {isa = PBXBuildFile; fileRef = 1463D01B1FBE266F00F2D970 /* CloudLayer.swift */; };
		1463D01F1FBE271800F2D970 /* MountainLayer.swift in Sources */ = {isa = PBXBuildFile; fileRef = 1463D01E1FBE271800F2D970 /* MountainLayer.swift */; };
/* End PBXBuildFile section */

/* Begin PBXFileReference section */
		1463D0021FBE1E0300F2D970 /* animatedLoadingScreenPractice.app */ = {isa = PBXFileReference; explicitFileType = wrapper.application; includeInIndex = 0; path = animatedLoadingScreenPractice.app; sourceTree = BUILT_PRODUCTS_DIR; };
		1463D0051FBE1E0300F2D970 /* AppDelegate.swift */ = {isa = PBXFileReference; lastKnownFileType = sourcecode.swift; path = AppDelegate.swift; sourceTree = "<group>"; };
		1463D0071FBE1E0300F2D970 /* ViewController.swift */ = {isa = PBXFileReference; lastKnownFileType = sourcecode.swift; path = ViewController.swift; sourceTree = "<group>"; };
		1463D00A1FBE1E0300F2D970 /* Base */ = {isa = PBXFileReference; lastKnownFileType = file.storyboard; name = Base; path = Base.lproj/Main.storyboard; sourceTree = "<group>"; };
		1463D00C1FBE1E0300F2D970 /* Assets.xcassets */ = {isa = PBXFileReference; lastKnownFileType = folder.assetcatalog; path = Assets.xcassets; sourceTree = "<group>"; };
		1463D00F1FBE1E0300F2D970 /* Base */ = {isa = PBXFileReference; lastKnownFileType = file.storyboard; name = Base; path = Base.lproj/LaunchScreen.storyboard; sourceTree = "<group>"; };
		1463D0111FBE1E0300F2D970 /* Info.plist */ = {isa = PBXFileReference; lastKnownFileType = text.plist.xml; path = Info.plist; sourceTree = "<group>"; };
		1463D0171FBE1E2C00F2D970 /* HexagonLayer.swift */ = {isa = PBXFileReference; lastKnownFileType = sourcecode.swift; path = HexagonLayer.swift; sourceTree = "<group>"; };
		1463D0191FBE215400F2D970 /* HolderView.swift */ = {isa = PBXFileReference; lastKnownFileType = sourcecode.swift; path = HolderView.swift; sourceTree = "<group>"; };
		1463D01B1FBE266F00F2D970 /* CloudLayer.swift */ = {isa = PBXFileReference; lastKnownFileType = sourcecode.swift; path = CloudLayer.swift; sourceTree = "<group>"; };
		1463D01E1FBE271800F2D970 /* MountainLayer.swift */ = {isa = PBXFileReference; lastKnownFileType = sourcecode.swift; path = MountainLayer.swift; sourceTree = "<group>"; };
/* End PBXFileReference section */

/* Begin PBXFrameworksBuildPhase section */
		1463CFFF1FBE1E0300F2D970 /* Frameworks */ = {
			isa = PBXFrameworksBuildPhase;
			buildActionMask = 2147483647;
			files = (
			);
			runOnlyForDeploymentPostprocessing = 0;
		};
/* End PBXFrameworksBuildPhase section */

/* Begin PBXGroup section */
		1463CFF91FBE1E0300F2D970 = {
			isa = PBXGroup;
			children = (
				1463D0041FBE1E0300F2D970 /* animatedLoadingScreenPractice */,
				1463D0031FBE1E0300F2D970 /* Products */,
			);
			sourceTree = "<group>";
		};
		1463D0031FBE1E0300F2D970 /* Products */ = {
			isa = PBXGroup;
			children = (
				1463D0021FBE1E0300F2D970 /* animatedLoadingScreenPractice.app */,
			);
			name = Products;
			sourceTree = "<group>";
		};
		1463D0041FBE1E0300F2D970 /* animatedLoadingScreenPractice */ = {
			isa = PBXGroup;
			children = (
				1463D0051FBE1E0300F2D970 /* AppDelegate.swift */,
				1463D01D1FBE26F800F2D970 /* Layers */,
				1463D0191FBE215400F2D970 /* HolderView.swift */,
				1463D0071FBE1E0300F2D970 /* ViewController.swift */,
				1463D0091FBE1E0300F2D970 /* Main.storyboard */,
				1463D00C1FBE1E0300F2D970 /* Assets.xcassets */,
				1463D00E1FBE1E0300F2D970 /* LaunchScreen.storyboard */,
				1463D0111FBE1E0300F2D970 /* Info.plist */,
			);
			path = animatedLoadingScreenPractice;
			sourceTree = "<group>";
		};
		1463D01D1FBE26F800F2D970 /* Layers */ = {
			isa = PBXGroup;
			children = (
				1463D0171FBE1E2C00F2D970 /* HexagonLayer.swift */,
				1463D01B1FBE266F00F2D970 /* CloudLayer.swift */,
				1463D01E1FBE271800F2D970 /* MountainLayer.swift */,
			);
			path = Layers;
			sourceTree = "<group>";
		};
/* End PBXGroup section */

/* Begin PBXNativeTarget section */
		1463D0011FBE1E0300F2D970 /* animatedLoadingScreenPractice */ = {
			isa = PBXNativeTarget;
			buildConfigurationList = 1463D0141FBE1E0300F2D970 /* Build configuration list for PBXNativeTarget "animatedLoadingScreenPractice" */;
			buildPhases = (
				1463CFFE1FBE1E0300F2D970 /* Sources */,
				1463CFFF1FBE1E0300F2D970 /* Frameworks */,
				1463D0001FBE1E0300F2D970 /* Resources */,
			);
			buildRules = (
			);
			dependencies = (
			);
			name = animatedLoadingScreenPractice;
			productName = animatedLoadingScreenPractice;
			productReference = 1463D0021FBE1E0300F2D970 /* animatedLoadingScreenPractice.app */;
			productType = "com.apple.product-type.application";
		};
/* End PBXNativeTarget section */

/* Begin PBXProject section */
		1463CFFA1FBE1E0300F2D970 /* Project object */ = {
			isa = PBXProject;
			attributes = {
				LastSwiftUpdateCheck = 0900;
				LastUpgradeCheck = 0900;
				ORGANIZATIONNAME = "Sean Calkins";
				TargetAttributes = {
					1463D0011FBE1E0300F2D970 = {
						CreatedOnToolsVersion = 9.0;
						ProvisioningStyle = Automatic;
					};
				};
			};
			buildConfigurationList = 1463CFFD1FBE1E0300F2D970 /* Build configuration list for PBXProject "animatedLoadingScreenPractice" */;
			compatibilityVersion = "Xcode 8.0";
			developmentRegion = en;
			hasScannedForEncodings = 0;
			knownRegions = (
				en,
				Base,
			);
			mainGroup = 1463CFF91FBE1E0300F2D970;
			productRefGroup = 1463D0031FBE1E0300F2D970 /* Products */;
			projectDirPath = "";
			projectRoot = "";
			targets = (
				1463D0011FBE1E0300F2D970 /* animatedLoadingScreenPractice */,
			);
		};
/* End PBXProject section */

/* Begin PBXResourcesBuildPhase section */
		1463D0001FBE1E0300F2D970 /* Resources */ = {
			isa = PBXResourcesBuildPhase;
			buildActionMask = 2147483647;
			files = (
				1463D0101FBE1E0300F2D970 /* LaunchScreen.storyboard in Resources */,
				1463D00D1FBE1E0300F2D970 /* Assets.xcassets in Resources */,
				1463D00B1FBE1E0300F2D970 /* Main.storyboard in Resources */,
			);
			runOnlyForDeploymentPostprocessing = 0;
		};
/* End PBXResourcesBuildPhase section */

/* Begin PBXSourcesBuildPhase section */
		1463CFFE1FBE1E0300F2D970 /* Sources */ = {
			isa = PBXSourcesBuildPhase;
			buildActionMask = 2147483647;
			files = (
				1463D01A1FBE215400F2D970 /* HolderView.swift in Sources */,
				1463D0081FBE1E0300F2D970 /* ViewController.swift in Sources */,
				1463D01C1FBE266F00F2D970 /* CloudLayer.swift in Sources */,
				1463D0181FBE1E2C00F2D970 /* HexagonLayer.swift in Sources */,
				1463D01F1FBE271800F2D970 /* MountainLayer.swift in Sources */,
				1463D0061FBE1E0300F2D970 /* AppDelegate.swift in Sources */,
			);
			runOnlyForDeploymentPostprocessing = 0;
		};
/* End PBXSourcesBuildPhase section */

/* Begin PBXVariantGroup section */
		1463D0091FBE1E0300F2D970 /* Main.storyboard */ = {
			isa = PBXVariantGroup;
			children = (
				1463D00A1FBE1E0300F2D970 /* Base */,
			);
			name = Main.storyboard;
			sourceTree = "<group>";
		};
		1463D00E1FBE1E0300F2D970 /* LaunchScreen.storyboard */ = {
			isa = PBXVariantGroup;
			children = (
				1463D00F1FBE1E0300F2D970 /* Base */,
			);
			name = LaunchScreen.storyboard;
			sourceTree = "<group>";
		};
/* End PBXVariantGroup section */

/* Begin XCBuildConfiguration section */
		1463D0121FBE1E0300F2D970 /* Debug */ = {
			isa = XCBuildConfiguration;
			buildSettings = {
				ALWAYS_SEARCH_USER_PATHS = NO;
				CLANG_ANALYZER_NONNULL = YES;
				CLANG_ANALYZER_NUMBER_OBJECT_CONVERSION = YES_AGGRESSIVE;
				CLANG_CXX_LANGUAGE_STANDARD = "gnu++14";
				CLANG_CXX_LIBRARY = "libc++";
				CLANG_ENABLE_MODULES = YES;
				CLANG_ENABLE_OBJC_ARC = YES;
				CLANG_WARN_BLOCK_CAPTURE_AUTORELEASING = YES;
				CLANG_WARN_BOOL_CONVERSION = YES;
				CLANG_WARN_COMMA = YES;
				CLANG_WARN_CONSTANT_CONVERSION = YES;
				CLANG_WARN_DIRECT_OBJC_ISA_USAGE = YES_ERROR;
				CLANG_WARN_DOCUMENTATION_COMMENTS = YES;
				CLANG_WARN_EMPTY_BODY = YES;
				CLANG_WARN_ENUM_CONVERSION = YES;
				CLANG_WARN_INFINITE_RECURSION = YES;
				CLANG_WARN_INT_CONVERSION = YES;
				CLANG_WARN_NON_LITERAL_NULL_CONVERSION = YES;
				CLANG_WARN_OBJC_LITERAL_CONVERSION = YES;
				CLANG_WARN_OBJC_ROOT_CLASS = YES_ERROR;
				CLANG_WARN_RANGE_LOOP_ANALYSIS = YES;
				CLANG_WARN_STRICT_PROTOTYPES = YES;
				CLANG_WARN_SUSPICIOUS_MOVE = YES;
				CLANG_WARN_UNGUARDED_AVAILABILITY = YES_AGGRESSIVE;
				CLANG_WARN_UNREACHABLE_CODE = YES;
				CLANG_WARN__DUPLICATE_METHOD_MATCH = YES;
				CODE_SIGN_IDENTITY = "iPhone Developer";
				COPY_PHASE_STRIP = NO;
				DEBUG_INFORMATION_FORMAT = dwarf;
				ENABLE_STRICT_OBJC_MSGSEND = YES;
				ENABLE_TESTABILITY = YES;
				GCC_C_LANGUAGE_STANDARD = gnu11;
				GCC_DYNAMIC_NO_PIC = NO;
				GCC_NO_COMMON_BLOCKS = YES;
				GCC_OPTIMIZATION_LEVEL = 0;
				GCC_PREPROCESSOR_DEFINITIONS = (
					"DEBUG=1",
					"$(inherited)",
				);
				GCC_WARN_64_TO_32_BIT_CONVERSION = YES;
				GCC_WARN_ABOUT_RETURN_TYPE = YES_ERROR;
				GCC_WARN_UNDECLARED_SELECTOR = YES;
				GCC_WARN_UNINITIALIZED_AUTOS = YES_AGGRESSIVE;
				GCC_WARN_UNUSED_FUNCTION = YES;
				GCC_WARN_UNUSED_VARIABLE = YES;
				IPHONEOS_DEPLOYMENT_TARGET = 11.0;
				MTL_ENABLE_DEBUG_INFO = YES;
				ONLY_ACTIVE_ARCH = YES;
				SDKROOT = iphoneos;
				SWIFT_ACTIVE_COMPILATION_CONDITIONS = DEBUG;
				SWIFT_OPTIMIZATION_LEVEL = "-Onone";
			};
			name = Debug;
		};
		1463D0131FBE1E0300F2D970 /* Release */ = {
			isa = XCBuildConfiguration;
			buildSettings = {
				ALWAYS_SEARCH_USER_PATHS = NO;
				CLANG_ANALYZER_NONNULL = YES;
				CLANG_ANALYZER_NUMBER_OBJECT_CONVERSION = YES_AGGRESSIVE;
				CLANG_CXX_LANGUAGE_STANDARD = "gnu++14";
				CLANG_CXX_LIBRARY = "libc++";
				CLANG_ENABLE_MODULES = YES;
				CLANG_ENABLE_OBJC_ARC = YES;
				CLANG_WARN_BLOCK_CAPTURE_AUTORELEASING = YES;
				CLANG_WARN_BOOL_CONVERSION = YES;
				CLANG_WARN_COMMA = YES;
				CLANG_WARN_CONSTANT_CONVERSION = YES;
				CLANG_WARN_DIRECT_OBJC_ISA_USAGE = YES_ERROR;
				CLANG_WARN_DOCUMENTATION_COMMENTS = YES;
				CLANG_WARN_EMPTY_BODY = YES;
				CLANG_WARN_ENUM_CONVERSION = YES;
				CLANG_WARN_INFINITE_RECURSION = YES;
				CLANG_WARN_INT_CONVERSION = YES;
				CLANG_WARN_NON_LITERAL_NULL_CONVERSION = YES;
				CLANG_WARN_OBJC_LITERAL_CONVERSION = YES;
				CLANG_WARN_OBJC_ROOT_CLASS = YES_ERROR;
				CLANG_WARN_RANGE_LOOP_ANALYSIS = YES;
				CLANG_WARN_STRICT_PROTOTYPES = YES;
				CLANG_WARN_SUSPICIOUS_MOVE = YES;
				CLANG_WARN_UNGUARDED_AVAILABILITY = YES_AGGRESSIVE;
				CLANG_WARN_UNREACHABLE_CODE = YES;
				CLANG_WARN__DUPLICATE_METHOD_MATCH = YES;
				CODE_SIGN_IDENTITY = "iPhone Developer";
				COPY_PHASE_STRIP = NO;
				DEBUG_INFORMATION_FORMAT = "dwarf-with-dsym";
				ENABLE_NS_ASSERTIONS = NO;
				ENABLE_STRICT_OBJC_MSGSEND = YES;
				GCC_C_LANGUAGE_STANDARD = gnu11;
				GCC_NO_COMMON_BLOCKS = YES;
				GCC_WARN_64_TO_32_BIT_CONVERSION = YES;
				GCC_WARN_ABOUT_RETURN_TYPE = YES_ERROR;
				GCC_WARN_UNDECLARED_SELECTOR = YES;
				GCC_WARN_UNINITIALIZED_AUTOS = YES_AGGRESSIVE;
				GCC_WARN_UNUSED_FUNCTION = YES;
				GCC_WARN_UNUSED_VARIABLE = YES;
				IPHONEOS_DEPLOYMENT_TARGET = 11.0;
				MTL_ENABLE_DEBUG_INFO = NO;
				SDKROOT = iphoneos;
				SWIFT_OPTIMIZATION_LEVEL = "-Owholemodule";
				VALIDATE_PRODUCT = YES;
			};
			name = Release;
		};
		1463D0151FBE1E0300F2D970 /* Debug */ = {
			isa = XCBuildConfiguration;
			buildSettings = {
				ASSETCATALOG_COMPILER_APPICON_NAME = AppIcon;
				CODE_SIGN_STYLE = Automatic;
				DEVELOPMENT_TEAM = 8TBX8Z7BAB;
				INFOPLIST_FILE = animatedLoadingScreenPractice/Info.plist;
				IPHONEOS_DEPLOYMENT_TARGET = 10.3;
				LD_RUNPATH_SEARCH_PATHS = "$(inherited) @executable_path/Frameworks";
				PRODUCT_BUNDLE_IDENTIFIER = com.SeanCalkins.animatedLoadingScreenPractice;
				PRODUCT_NAME = "$(TARGET_NAME)";
				SWIFT_VERSION = 4.0;
				TARGETED_DEVICE_FAMILY = "1,2";
			};
			name = Debug;
		};
		1463D0161FBE1E0300F2D970 /* Release */ = {
			isa = XCBuildConfiguration;
			buildSettings = {
				ASSETCATALOG_COMPILER_APPICON_NAME = AppIcon;
				CODE_SIGN_STYLE = Automatic;
				DEVELOPMENT_TEAM = 8TBX8Z7BAB;
				INFOPLIST_FILE = animatedLoadingScreenPractice/Info.plist;
				IPHONEOS_DEPLOYMENT_TARGET = 10.3;
				LD_RUNPATH_SEARCH_PATHS = "$(inherited) @executable_path/Frameworks";
				PRODUCT_BUNDLE_IDENTIFIER = com.SeanCalkins.animatedLoadingScreenPractice;
				PRODUCT_NAME = "$(TARGET_NAME)";
				SWIFT_VERSION = 4.0;
				TARGETED_DEVICE_FAMILY = "1,2";
			};
			name = Release;
		};
/* End XCBuildConfiguration section */

/* Begin XCConfigurationList section */
		1463CFFD1FBE1E0300F2D970 /* Build configuration list for PBXProject "animatedLoadingScreenPractice" */ = {
			isa = XCConfigurationList;
			buildConfigurations = (
				1463D0121FBE1E0300F2D970 /* Debug */,
				1463D0131FBE1E0300F2D970 /* Release */,
			);
			defaultConfigurationIsVisible = 0;
			defaultConfigurationName = Release;
		};
		1463D0141FBE1E0300F2D970 /* Build configuration list for PBXNativeTarget "animatedLoadingScreenPractice" */ = {
			isa = XCConfigurationList;
			buildConfigurations = (
				1463D0151FBE1E0300F2D970 /* Debug */,
				1463D0161FBE1E0300F2D970 /* Release */,
			);
			defaultConfigurationIsVisible = 0;
			defaultConfigurationName = Release;
		};
/* End XCConfigurationList section */
	};
	rootObject = 1463CFFA1FBE1E0300F2D970 /* Project object */;
}
